
Microsoft Visual Studio Solution File, Format Version 12.00
# Visual Studio Version 17
VisualStudioVersion = 17.5.002.0
MinimumVisualStudioVersion = 10.0.40219.1
Project("{9A19103F-16F7-4668-BE54-9A1E7A4F7556}") = "304CardsGame", "304CardsGame.csproj", "{48BF7D82-08E3-42DD-A06A-5F7415E6193F}"
EndProject
Global
	GlobalSection(SolutionConfigurationPlatforms) = preSolution
		Debug|Any CPU = Debug|Any CPU
		Release|Any CPU = Release|Any CPU
	EndGlobalSection
	GlobalSection(ProjectConfigurationPlatforms) = postSolution
		{48BF7D82-08E3-42DD-A06A-5F7415E6193F}.Debug|Any CPU.ActiveCfg = Debug|Any CPU
		{48BF7D82-08E3-42DD-A06A-5F7415E6193F}.Debug|Any CPU.Build.0 = Debug|Any CPU
		{48BF7D82-08E3-42DD-A06A-5F7415E6193F}.Release|Any CPU.ActiveCfg = Release|Any CPU
		{48BF7D82-08E3-42DD-A06A-5F7415E6193F}.Release|Any CPU.Build.0 = Release|Any CPU
	EndGlobalSection
	GlobalSection(SolutionProperties) = preSolution
		HideSolutionNode = FALSE
	EndGlobalSection
	GlobalSection(ExtensibilityGlobals) = postSolution
		SolutionGuid = {4B732E24-6476-404A-B81D-CE9D7ADF0671}
	EndGlobalSection
EndGlobal
